PODS:
  - add_2_calendar (0.0.1):
    - Flutter
  - camera (0.0.1):
    - Flutter
  - connectivity (0.0.1):
    - Flutter
    - Reachability
  - device_info (0.0.1):
    - Flutter
  - esys_flutter_share (0.0.1):
    - Flutter
  - Flutter (1.0.0)
  - flutter_exif_rotation (0.3.0):
    - Flutter
  - flutter_webview_plugin (0.0.1):
    - Flutter
  - get_version (0.0.1):
    - Flutter
  - package_info (0.0.1):
    - Flutter
  - path_provider (0.0.1):
    - Flutter
  - Reachability (3.2)
  - share (0.0.1):
    - Flutter
  - shared_preferences (0.0.1):
    - Flutter
  - url_launcher (0.0.1):
    - Flutter
  - video_player (0.0.1):
    - Flutter

DEPENDENCIES:
  - add_2_calendar (from `.symlinks/plugins/add_2_calendar/ios`)
  - camera (from `.symlinks/plugins/camera/ios`)
  - connectivity (from `.symlinks/plugins/connectivity/ios`)
  - device_info (from `.symlinks/plugins/device_info/ios`)
  - esys_flutter_share (from `.symlinks/plugins/esys_flutter_share/ios`)
  - Flutter (from `Flutter`)
  - flutter_exif_rotation (from `.symlinks/plugins/flutter_exif_rotation/ios`)
  - flutter_webview_plugin (from `.symlinks/plugins/flutter_webview_plugin/ios`)
  - get_version (from `.symlinks/plugins/get_version/ios`)
  - package_info (from `.symlinks/plugins/package_info/ios`)
  - path_provider (from `.symlinks/plugins/path_provider/ios`)
  - share (from `.symlinks/plugins/share/ios`)
  - shared_preferences (from `.symlinks/plugins/shared_preferences/ios`)
  - url_launcher (from `.symlinks/plugins/url_launcher/ios`)
  - video_player (from `.symlinks/plugins/video_player/ios`)

SPEC REPOS:
  trunk:
    - Reachability

EXTERNAL SOURCES:
  add_2_calendar:
    :path: ".symlinks/plugins/add_2_calendar/ios"
  camera:
    :path: ".symlinks/plugins/camera/ios"
  connectivity:
    :path: ".symlinks/plugins/connectivity/ios"
  device_info:
    :path: ".symlinks/plugins/device_info/ios"
  esys_flutter_share:
    :path: ".symlinks/plugins/esys_flutter_share/ios"
  Flutter:
    :path: Flutter
  flutter_exif_rotation:
    :path: ".symlinks/plugins/flutter_exif_rotation/ios"
  flutter_webview_plugin:
    :path: ".symlinks/plugins/flutter_webview_plugin/ios"
  get_version:
    :path: ".symlinks/plugins/get_version/ios"
  package_info:
    :path: ".symlinks/plugins/package_info/ios"
  path_provider:
    :path: ".symlinks/plugins/path_provider/ios"
  share:
    :path: ".symlinks/plugins/share/ios"
  shared_preferences:
    :path: ".symlinks/plugins/shared_preferences/ios"
  url_launcher:
    :path: ".symlinks/plugins/url_launcher/ios"
  video_player:
    :path: ".symlinks/plugins/video_player/ios"

SPEC CHECKSUMS:
  add_2_calendar: c201b1c7dc0299280f1b1a8158aa80e15a8f8912
  camera: a0ca5080336f7af47b88436e5e26da3dee5568f0
  connectivity: c4130b2985d4ef6fd26f9702e886bd5260681467
  device_info: d7d233b645a32c40dfdc212de5cf646ca482f175
  esys_flutter_share: 403498dab005b36ce1f8d7aff377e81f0621b0b4
  Flutter: 434fef37c0980e73bb6479ef766c45957d4b510c
  flutter_exif_rotation: 36dbe4d0bb56b9f8d2cc99e3ad24dbb38b674ea9
  flutter_webview_plugin: ed9e8a6a96baf0c867e90e1bce2673913eeac694
  get_version: 2bc18c4e26a265571662cab5d38f8b50dc8c1c77
  package_info: 873975fc26034f0b863a300ad47e7f1ac6c7ec62
  path_provider: abfe2b5c733d04e238b0d8691db0cfd63a27a93c
  Reachability: 33e18b67625424e47b6cde6d202dce689ad7af96
  share: 0b2c3e82132f5888bccca3351c504d0003b3b410
  shared_preferences: af6bfa751691cdc24be3045c43ec037377ada40d
  url_launcher: 6fef411d543ceb26efce54b05a0a40bfd74cbbef
  video_player: 9cc823b1d9da7e8427ee591e8438bfbcde500e6e

PODFILE CHECKSUM: aafe91acc616949ddb318b77800a7f51bffa2a4c

COCOAPODS: 1.10.1
