// !$*UTF8*$!
{
	archiveVersion = 1;
	classes = {
	};
	objectVersion = 51;
	objects = {

/* Begin PBXBuildFile section */
		9A063F2EAFCD52E9D9D74CC5 /* Pods_Thesis_2020.framework in Frameworks */ = {isa = PBXBuildFile; fileRef = 4E54D0E5D5841363A1288B05 /* Pods_Thesis_2020.framework */; };
		A7C46290FB4CD75FD532B21C /* Pods_Thesis_2020Tests.framework in Frameworks */ = {isa = PBXBuildFile; fileRef = 71780BC43DB9449C3996D89C /* Pods_Thesis_2020Tests.framework */; };
		B501B17225341F350066F4FD /* Thesis_2020App.swift in Sources */ = {isa = PBXBuildFile; fileRef = B501B17125341F350066F4FD /* Thesis_2020App.swift */; };
		B501B17625341F370066F4FD /* Assets.xcassets in Resources */ = {isa = PBXBuildFile; fileRef = B501B17525341F370066F4FD /* Assets.xcassets */; };
		B501B17925341F370066F4FD /* Preview Assets.xcassets in Resources */ = {isa = PBXBuildFile; fileRef = B501B17825341F370066F4FD /* Preview Assets.xcassets */; };
		B501B18425341F380066F4FD /* Thesis_2020Tests.swift in Sources */ = {isa = PBXBuildFile; fileRef = B501B18325341F380066F4FD /* Thesis_2020Tests.swift */; };
		B501B18F25341F380066F4FD /* Thesis_2020UITests.swift in Sources */ = {isa = PBXBuildFile; fileRef = B501B18E25341F380066F4FD /* Thesis_2020UITests.swift */; };
		B501B1A3253421AD0066F4FD /* SplashView.swift in Sources */ = {isa = PBXBuildFile; fileRef = B501B1A2253421AD0066F4FD /* SplashView.swift */; };
		B501B1B6253425DA0066F4FD /* MainView.swift in Sources */ = {isa = PBXBuildFile; fileRef = B501B1B5253425DA0066F4FD /* MainView.swift */; };
		B54FE1822536D5C5001B7072 /* Constant.swift in Sources */ = {isa = PBXBuildFile; fileRef = B54FE1812536D5C5001B7072 /* Constant.swift */; };
		B5764C96253434DA00615D60 /* Coordinator.swift in Sources */ = {isa = PBXBuildFile; fileRef = B5764C95253434DA00615D60 /* Coordinator.swift */; };
		B5764C9B2534354400615D60 /* CaptureImageView.swift in Sources */ = {isa = PBXBuildFile; fileRef = B5764C9A2534354400615D60 /* CaptureImageView.swift */; };
		B5764CA12534360300615D60 /* MedicineTable.swift in Sources */ = {isa = PBXBuildFile; fileRef = B5764CA02534360300615D60 /* MedicineTable.swift */; };
		B5BB8FE82534940200366A6F /* MedicineRow.swift in Sources */ = {isa = PBXBuildFile; fileRef = B5BB8FE72534940200366A6F /* MedicineRow.swift */; };
		B5BB8FF02534944100366A6F /* MedicineDetail.swift in Sources */ = {isa = PBXBuildFile; fileRef = B5BB8FEF2534944100366A6F /* MedicineDetail.swift */; };
		B5EFC1BC2534820E00333A2D /* ResultText.swift in Sources */ = {isa = PBXBuildFile; fileRef = B5EFC1BB2534820E00333A2D /* ResultText.swift */; };
		B5EFC1C5253482BB00333A2D /* Observer.swift in Sources */ = {isa = PBXBuildFile; fileRef = B5EFC1C4253482BB00333A2D /* Observer.swift */; };
		D805458088D0BCEE17809D15 /* Pods_Thesis_2020_Thesis_2020UITests.framework in Frameworks */ = {isa = PBXBuildFile; fileRef = 5459D459F6C198A8A7A48CD8 /* Pods_Thesis_2020_Thesis_2020UITests.framework */; };
/* End PBXBuildFile section */

/* Begin PBXContainerItemProxy section */
		B501B18025341F380066F4FD /* PBXContainerItemProxy */ = {
			isa = PBXContainerItemProxy;
			containerPortal = B501B16625341F350066F4FD /* Project object */;
			proxyType = 1;
			remoteGlobalIDString = B501B16D25341F350066F4FD;
			remoteInfo = Thesis_2020;
		};
		B501B18B25341F380066F4FD /* PBXContainerItemProxy */ = {
			isa = PBXContainerItemProxy;
			containerPortal = B501B16625341F350066F4FD /* Project object */;
			proxyType = 1;
			remoteGlobalIDString = B501B16D25341F350066F4FD;
			remoteInfo = Thesis_2020;
		};
/* End PBXContainerItemProxy section */

/* Begin PBXFileReference section */
		0DC78754BB6E39F0D2EFE720 /* Pods-Thesis_2020Tests.release.xcconfig */ = {isa = PBXFileReference; includeInIndex = 1; lastKnownFileType = text.xcconfig; name = "Pods-Thesis_2020Tests.release.xcconfig"; path = "Target Support Files/Pods-Thesis_2020Tests/Pods-Thesis_2020Tests.release.xcconfig"; sourceTree = "<group>"; };
		4E54D0E5D5841363A1288B05 /* Pods_Thesis_2020.framework */ = {isa = PBXFileReference; explicitFileType = wrapper.framework; includeInIndex = 0; path = Pods_Thesis_2020.framework; sourceTree = BUILT_PRODUCTS_DIR; };
		51747ED85DF76103B939BD8C /* Pods-Thesis_2020.release.xcconfig */ = {isa = PBXFileReference; includeInIndex = 1; lastKnownFileType = text.xcconfig; name = "Pods-Thesis_2020.release.xcconfig"; path = "Target Support Files/Pods-Thesis_2020/Pods-Thesis_2020.release.xcconfig"; sourceTree = "<group>"; };
		5459D459F6C198A8A7A48CD8 /* Pods_Thesis_2020_Thesis_2020UITests.framework */ = {isa = PBXFileReference; explicitFileType = wrapper.framework; includeInIndex = 0; path = Pods_Thesis_2020_Thesis_2020UITests.framework; sourceTree = BUILT_PRODUCTS_DIR; };
		5539549C9087FF406F728BC0 /* Pods-Thesis_2020Tests.debug.xcconfig */ = {isa = PBXFileReference; includeInIndex = 1; lastKnownFileType = text.xcconfig; name = "Pods-Thesis_2020Tests.debug.xcconfig"; path = "Target Support Files/Pods-Thesis_2020Tests/Pods-Thesis_2020Tests.debug.xcconfig"; sourceTree = "<group>"; };
		6E2D9EBDDCD72E78B80FC611 /* Pods-Thesis_2020-Thesis_2020UITests.debug.xcconfig */ = {isa = PBXFileReference; includeInIndex = 1; lastKnownFileType = text.xcconfig; name = "Pods-Thesis_2020-Thesis_2020UITests.debug.xcconfig"; path = "Target Support Files/Pods-Thesis_2020-Thesis_2020UITests/Pods-Thesis_2020-Thesis_2020UITests.debug.xcconfig"; sourceTree = "<group>"; };
		71780BC43DB9449C3996D89C /* Pods_Thesis_2020Tests.framework */ = {isa = PBXFileReference; explicitFileType = wrapper.framework; includeInIndex = 0; path = Pods_Thesis_2020Tests.framework; sourceTree = BUILT_PRODUCTS_DIR; };
		81726605D1982003C9F69A65 /* Pods-Thesis_2020-Thesis_2020UITests.release.xcconfig */ = {isa = PBXFileReference; includeInIndex = 1; lastKnownFileType = text.xcconfig; name = "Pods-Thesis_2020-Thesis_2020UITests.release.xcconfig"; path = "Target Support Files/Pods-Thesis_2020-Thesis_2020UITests/Pods-Thesis_2020-Thesis_2020UITests.release.xcconfig"; sourceTree = "<group>"; };
		B501B16E25341F350066F4FD /* Thesis_2020.app */ = {isa = PBXFileReference; explicitFileType = wrapper.application; includeInIndex = 0; path = Thesis_2020.app; sourceTree = BUILT_PRODUCTS_DIR; };
		B501B17125341F350066F4FD /* Thesis_2020App.swift */ = {isa = PBXFileReference; lastKnownFileType = sourcecode.swift; path = Thesis_2020App.swift; sourceTree = "<group>"; };
		B501B17525341F370066F4FD /* Assets.xcassets */ = {isa = PBXFileReference; lastKnownFileType = folder.assetcatalog; path = Assets.xcassets; sourceTree = "<group>"; };
		B501B17825341F370066F4FD /* Preview Assets.xcassets */ = {isa = PBXFileReference; lastKnownFileType = folder.assetcatalog; path = "Preview Assets.xcassets"; sourceTree = "<group>"; };
		B501B17A25341F370066F4FD /* Info.plist */ = {isa = PBXFileReference; lastKnownFileType = text.plist.xml; path = Info.plist; sourceTree = "<group>"; };
		B501B17F25341F380066F4FD /* Thesis_2020Tests.xctest */ = {isa = PBXFileReference; explicitFileType = wrapper.cfbundle; includeInIndex = 0; path = Thesis_2020Tests.xctest; sourceTree = BUILT_PRODUCTS_DIR; };
		B501B18325341F380066F4FD /* Thesis_2020Tests.swift */ = {isa = PBXFileReference; lastKnownFileType = sourcecode.swift; path = Thesis_2020Tests.swift; sourceTree = "<group>"; };
		B501B18525341F380066F4FD /* Info.plist */ = {isa = PBXFileReference; lastKnownFileType = text.plist.xml; path = Info.plist; sourceTree = "<group>"; };
		B501B18A25341F380066F4FD /* Thesis_2020UITests.xctest */ = {isa = PBXFileReference; explicitFileType = wrapper.cfbundle; includeInIndex = 0; path = Thesis_2020UITests.xctest; sourceTree = BUILT_PRODUCTS_DIR; };
		B501B18E25341F380066F4FD /* Thesis_2020UITests.swift */ = {isa = PBXFileReference; lastKnownFileType = sourcecode.swift; path = Thesis_2020UITests.swift; sourceTree = "<group>"; };
		B501B19025341F380066F4FD /* Info.plist */ = {isa = PBXFileReference; lastKnownFileType = text.plist.xml; path = Info.plist; sourceTree = "<group>"; };
		B501B1A2253421AD0066F4FD /* SplashView.swift */ = {isa = PBXFileReference; lastKnownFileType = sourcecode.swift; path = SplashView.swift; sourceTree = "<group>"; };
		B501B1B5253425DA0066F4FD /* MainView.swift */ = {isa = PBXFileReference; lastKnownFileType = sourcecode.swift; path = MainView.swift; sourceTree = "<group>"; };
		B54FE1812536D5C5001B7072 /* Constant.swift */ = {isa = PBXFileReference; lastKnownFileType = sourcecode.swift; path = Constant.swift; sourceTree = "<group>"; };
		B5764C95253434DA00615D60 /* Coordinator.swift */ = {isa = PBXFileReference; lastKnownFileType = sourcecode.swift; path = Coordinator.swift; sourceTree = "<group>"; };
		B5764C9A2534354400615D60 /* CaptureImageView.swift */ = {isa = PBXFileReference; lastKnownFileType = sourcecode.swift; path = CaptureImageView.swift; sourceTree = "<group>"; };
		B5764CA02534360300615D60 /* MedicineTable.swift */ = {isa = PBXFileReference; lastKnownFileType = sourcecode.swift; path = MedicineTable.swift; sourceTree = "<group>"; };
		B5BB8FE72534940200366A6F /* MedicineRow.swift */ = {isa = PBXFileReference; lastKnownFileType = sourcecode.swift; path = MedicineRow.swift; sourceTree = "<group>"; };
		B5BB8FEF2534944100366A6F /* MedicineDetail.swift */ = {isa = PBXFileReference; lastKnownFileType = sourcecode.swift; path = MedicineDetail.swift; sourceTree = "<group>"; };
		B5EFC1BB2534820E00333A2D /* ResultText.swift */ = {isa = PBXFileReference; lastKnownFileType = sourcecode.swift; path = ResultText.swift; sourceTree = "<group>"; };
		B5EFC1C4253482BB00333A2D /* Observer.swift */ = {isa = PBXFileReference; lastKnownFileType = sourcecode.swift; path = Observer.swift; sourceTree = "<group>"; };
		F3E20628D238E875080297CB /* Pods-Thesis_2020.debug.xcconfig */ = {isa = PBXFileReference; includeInIndex = 1; lastKnownFileType = text.xcconfig; name = "Pods-Thesis_2020.debug.xcconfig"; path = "Target Support Files/Pods-Thesis_2020/Pods-Thesis_2020.debug.xcconfig"; sourceTree = "<group>"; };
/* End PBXFileReference section */

/* Begin PBXFrameworksBuildPhase section */
		B501B16B25341F350066F4FD /* Frameworks */ = {
			isa = PBXFrameworksBuildPhase;
			buildActionMask = 2147483647;
			files = (
				9A063F2EAFCD52E9D9D74CC5 /* Pods_Thesis_2020.framework in Frameworks */,
			);
			runOnlyForDeploymentPostprocessing = 0;
		};
		B501B17C25341F380066F4FD /* Frameworks */ = {
			isa = PBXFrameworksBuildPhase;
			buildActionMask = 2147483647;
			files = (
				A7C46290FB4CD75FD532B21C /* Pods_Thesis_2020Tests.framework in Frameworks */,
			);
			runOnlyForDeploymentPostprocessing = 0;
		};
		B501B18725341F380066F4FD /* Frameworks */ = {
			isa = PBXFrameworksBuildPhase;
			buildActionMask = 2147483647;
			files = (
				D805458088D0BCEE17809D15 /* Pods_Thesis_2020_Thesis_2020UITests.framework in Frameworks */,
			);
			runOnlyForDeploymentPostprocessing = 0;
		};
/* End PBXFrameworksBuildPhase section */

/* Begin PBXGroup section */
		2060FA51915C5235C627E0A6 /* Frameworks */ = {
			isa = PBXGroup;
			children = (
				4E54D0E5D5841363A1288B05 /* Pods_Thesis_2020.framework */,
				5459D459F6C198A8A7A48CD8 /* Pods_Thesis_2020_Thesis_2020UITests.framework */,
				71780BC43DB9449C3996D89C /* Pods_Thesis_2020Tests.framework */,
			);
			name = Frameworks;
			sourceTree = "<group>";
		};
		4AA2F0C1C4D6906A9804C079 /* Pods */ = {
			isa = PBXGroup;
			children = (
				F3E20628D238E875080297CB /* Pods-Thesis_2020.debug.xcconfig */,
				51747ED85DF76103B939BD8C /* Pods-Thesis_2020.release.xcconfig */,
				6E2D9EBDDCD72E78B80FC611 /* Pods-Thesis_2020-Thesis_2020UITests.debug.xcconfig */,
				81726605D1982003C9F69A65 /* Pods-Thesis_2020-Thesis_2020UITests.release.xcconfig */,
				5539549C9087FF406F728BC0 /* Pods-Thesis_2020Tests.debug.xcconfig */,
				0DC78754BB6E39F0D2EFE720 /* Pods-Thesis_2020Tests.release.xcconfig */,
			);
			path = Pods;
			sourceTree = "<group>";
		};
		B501B16525341F350066F4FD = {
			isa = PBXGroup;
			children = (
				B501B17025341F350066F4FD /* Thesis_2020 */,
				B501B18225341F380066F4FD /* Thesis_2020Tests */,
				B501B18D25341F380066F4FD /* Thesis_2020UITests */,
				B501B16F25341F350066F4FD /* Products */,
				4AA2F0C1C4D6906A9804C079 /* Pods */,
				2060FA51915C5235C627E0A6 /* Frameworks */,
			);
			sourceTree = "<group>";
		};
		B501B16F25341F350066F4FD /* Products */ = {
			isa = PBXGroup;
			children = (
				B501B16E25341F350066F4FD /* Thesis_2020.app */,
				B501B17F25341F380066F4FD /* Thesis_2020Tests.xctest */,
				B501B18A25341F380066F4FD /* Thesis_2020UITests.xctest */,
			);
			name = Products;
			sourceTree = "<group>";
		};
		B501B17025341F350066F4FD /* Thesis_2020 */ = {
			isa = PBXGroup;
			children = (
				B54FE1802536D4AA001B7072 /* View */,
				B5EFC1C3253482AB00333A2D /* Network */,
				B5EFC1BA253481F900333A2D /* Model */,
				B501B17525341F370066F4FD /* Assets.xcassets */,
				B501B17A25341F370066F4FD /* Info.plist */,
				B501B17725341F370066F4FD /* Preview Content */,
				B54FE1812536D5C5001B7072 /* Constant.swift */,
			);
			path = Thesis_2020;
			sourceTree = "<group>";
		};
		B501B17725341F370066F4FD /* Preview Content */ = {
			isa = PBXGroup;
			children = (
				B501B17825341F370066F4FD /* Preview Assets.xcassets */,
			);
			path = "Preview Content";
			sourceTree = "<group>";
		};
		B501B18225341F380066F4FD /* Thesis_2020Tests */ = {
			isa = PBXGroup;
			children = (
				B501B18325341F380066F4FD /* Thesis_2020Tests.swift */,
				B501B18525341F380066F4FD /* Info.plist */,
			);
			path = Thesis_2020Tests;
			sourceTree = "<group>";
		};
		B501B18D25341F380066F4FD /* Thesis_2020UITests */ = {
			isa = PBXGroup;
			children = (
				B501B18E25341F380066F4FD /* Thesis_2020UITests.swift */,
				B501B19025341F380066F4FD /* Info.plist */,
			);
			path = Thesis_2020UITests;
			sourceTree = "<group>";
		};
		B54FE1802536D4AA001B7072 /* View */ = {
			isa = PBXGroup;
			children = (
				B5764C94253434CA00615D60 /* CameraView */,
				B5764C9F253435EB00615D60 /* MedicineTable */,
				B501B1B5253425DA0066F4FD /* MainView.swift */,
				B501B17125341F350066F4FD /* Thesis_2020App.swift */,
				B501B1A2253421AD0066F4FD /* SplashView.swift */,
			);
			path = View;
			sourceTree = "<group>";
		};
		B5764C94253434CA00615D60 /* CameraView */ = {
			isa = PBXGroup;
			children = (
				B5764C95253434DA00615D60 /* Coordinator.swift */,
				B5764C9A2534354400615D60 /* CaptureImageView.swift */,
			);
			path = CameraView;
			sourceTree = "<group>";
		};
		B5764C9F253435EB00615D60 /* MedicineTable */ = {
			isa = PBXGroup;
			children = (
				B5BB8FE6253493EC00366A6F /* Row */,
				B5764CA02534360300615D60 /* MedicineTable.swift */,
				B5BB8FEF2534944100366A6F /* MedicineDetail.swift */,
			);
			path = MedicineTable;
			sourceTree = "<group>";
		};
		B5BB8FE6253493EC00366A6F /* Row */ = {
			isa = PBXGroup;
			children = (
				B5BB8FE72534940200366A6F /* MedicineRow.swift */,
			);
			path = Row;
			sourceTree = "<group>";
		};
		B5EFC1BA253481F900333A2D /* Model */ = {
			isa = PBXGroup;
			children = (
				B5EFC1BB2534820E00333A2D /* ResultText.swift */,
			);
			path = Model;
			sourceTree = "<group>";
		};
		B5EFC1C3253482AB00333A2D /* Network */ = {
			isa = PBXGroup;
			children = (
				B5EFC1C4253482BB00333A2D /* Observer.swift */,
			);
			path = Network;
			sourceTree = "<group>";
		};
/* End PBXGroup section */

/* Begin PBXNativeTarget section */
		B501B16D25341F350066F4FD /* Thesis_2020 */ = {
			isa = PBXNativeTarget;
			buildConfigurationList = B501B19325341F380066F4FD /* Build configuration list for PBXNativeTarget "Thesis_2020" */;
			buildPhases = (
				D0F215005C5126DDDEF6EDB7 /* [CP] Check Pods Manifest.lock */,
				B501B16A25341F350066F4FD /* Sources */,
				B501B16B25341F350066F4FD /* Frameworks */,
				B501B16C25341F350066F4FD /* Resources */,
				ABDDA21F1D0689910AB79277 /* [CP] Embed Pods Frameworks */,
			);
			buildRules = (
			);
			dependencies = (
			);
			name = Thesis_2020;
			productName = Thesis_2020;
			productReference = B501B16E25341F350066F4FD /* Thesis_2020.app */;
			productType = "com.apple.product-type.application";
		};
		B501B17E25341F380066F4FD /* Thesis_2020Tests */ = {
			isa = PBXNativeTarget;
			buildConfigurationList = B501B19625341F380066F4FD /* Build configuration list for PBXNativeTarget "Thesis_2020Tests" */;
			buildPhases = (
				627239AFDE7C431090DCD796 /* [CP] Check Pods Manifest.lock */,
				B501B17B25341F380066F4FD /* Sources */,
				B501B17C25341F380066F4FD /* Frameworks */,
				B501B17D25341F380066F4FD /* Resources */,
			);
			buildRules = (
			);
			dependencies = (
				B501B18125341F380066F4FD /* PBXTargetDependency */,
			);
			name = Thesis_2020Tests;
			productName = Thesis_2020Tests;
			productReference = B501B17F25341F380066F4FD /* Thesis_2020Tests.xctest */;
			productType = "com.apple.product-type.bundle.unit-test";
		};
		B501B18925341F380066F4FD /* Thesis_2020UITests */ = {
			isa = PBXNativeTarget;
			buildConfigurationList = B501B19925341F380066F4FD /* Build configuration list for PBXNativeTarget "Thesis_2020UITests" */;
			buildPhases = (
				95644C56B50447BBA537A040 /* [CP] Check Pods Manifest.lock */,
				B501B18625341F380066F4FD /* Sources */,
				B501B18725341F380066F4FD /* Frameworks */,
				B501B18825341F380066F4FD /* Resources */,
				5FF8257791DE1391C4E14A57 /* [CP] Embed Pods Frameworks */,
			);
			buildRules = (
			);
			dependencies = (
				B501B18C25341F380066F4FD /* PBXTargetDependency */,
			);
			name = Thesis_2020UITests;
			productName = Thesis_2020UITests;
			productReference = B501B18A25341F380066F4FD /* Thesis_2020UITests.xctest */;
			productType = "com.apple.product-type.bundle.ui-testing";
		};
/* End PBXNativeTarget section */

/* Begin PBXProject section */
		B501B16625341F350066F4FD /* Project object */ = {
			isa = PBXProject;
			attributes = {
				LastSwiftUpdateCheck = 1200;
				LastUpgradeCheck = 1200;
				TargetAttributes = {
					B501B16D25341F350066F4FD = {
						CreatedOnToolsVersion = 12.0.1;
					};
					B501B17E25341F380066F4FD = {
						CreatedOnToolsVersion = 12.0.1;
						TestTargetID = B501B16D25341F350066F4FD;
					};
					B501B18925341F380066F4FD = {
						CreatedOnToolsVersion = 12.0.1;
						TestTargetID = B501B16D25341F350066F4FD;
					};
				};
			};
			buildConfigurationList = B501B16925341F350066F4FD /* Build configuration list for PBXProject "Thesis_2020" */;
			compatibilityVersion = "Xcode 9.3";
			developmentRegion = en;
			hasScannedForEncodings = 0;
			knownRegions = (
				en,
				Base,
			);
			mainGroup = B501B16525341F350066F4FD;
			productRefGroup = B501B16F25341F350066F4FD /* Products */;
			projectDirPath = "";
			projectRoot = "";
			targets = (
				B501B16D25341F350066F4FD /* Thesis_2020 */,
				B501B17E25341F380066F4FD /* Thesis_2020Tests */,
				B501B18925341F380066F4FD /* Thesis_2020UITests */,
			);
		};
/* End PBXProject section */

/* Begin PBXResourcesBuildPhase section */
		B501B16C25341F350066F4FD /* Resources */ = {
			isa = PBXResourcesBuildPhase;
			buildActionMask = 2147483647;
			files = (
				B501B17925341F370066F4FD /* Preview Assets.xcassets in Resources */,
				B501B17625341F370066F4FD /* Assets.xcassets in Resources */,
			);
			runOnlyForDeploymentPostprocessing = 0;
		};
		B501B17D25341F380066F4FD /* Resources */ = {
			isa = PBXResourcesBuildPhase;
			buildActionMask = 2147483647;
			files = (
			);
			runOnlyForDeploymentPostprocessing = 0;
		};
		B501B18825341F380066F4FD /* Resources */ = {
			isa = PBXResourcesBuildPhase;
			buildActionMask = 2147483647;
			files = (
			);
			runOnlyForDeploymentPostprocessing = 0;
		};
/* End PBXResourcesBuildPhase section */

/* Begin PBXShellScriptBuildPhase section */
		5FF8257791DE1391C4E14A57 /* [CP] Embed Pods Frameworks */ = {
			isa = PBXShellScriptBuildPhase;
			buildActionMask = 2147483647;
			files = (
			);
			inputFileListPaths = (
				"${PODS_ROOT}/Target Support Files/Pods-Thesis_2020-Thesis_2020UITests/Pods-Thesis_2020-Thesis_2020UITests-frameworks-${CONFIGURATION}-input-files.xcfilelist",
			);
			name = "[CP] Embed Pods Frameworks";
			outputFileListPaths = (
				"${PODS_ROOT}/Target Support Files/Pods-Thesis_2020-Thesis_2020UITests/Pods-Thesis_2020-Thesis_2020UITests-frameworks-${CONFIGURATION}-output-files.xcfilelist",
			);
			runOnlyForDeploymentPostprocessing = 0;
			shellPath = /bin/sh;
			shellScript = "\"${PODS_ROOT}/Target Support Files/Pods-Thesis_2020-Thesis_2020UITests/Pods-Thesis_2020-Thesis_2020UITests-frameworks.sh\"\n";
			showEnvVarsInLog = 0;
		};
		627239AFDE7C431090DCD796 /* [CP] Check Pods Manifest.lock */ = {
			isa = PBXShellScriptBuildPhase;
			buildActionMask = 2147483647;
			files = (
			);
			inputFileListPaths = (
			);
			inputPaths = (
				"${PODS_PODFILE_DIR_PATH}/Podfile.lock",
				"${PODS_ROOT}/Manifest.lock",
			);
			name = "[CP] Check Pods Manifest.lock";
			outputFileListPaths = (
			);
			outputPaths = (
				"$(DERIVED_FILE_DIR)/Pods-Thesis_2020Tests-checkManifestLockResult.txt",
			);
			runOnlyForDeploymentPostprocessing = 0;
			shellPath = /bin/sh;
			shellScript = "diff \"${PODS_PODFILE_DIR_PATH}/Podfile.lock\" \"${PODS_ROOT}/Manifest.lock\" > /dev/null\nif [ $? != 0 ] ; then\n    # print error to STDERR\n    echo \"error: The sandbox is not in sync with the Podfile.lock. Run 'pod install' or update your CocoaPods installation.\" >&2\n    exit 1\nfi\n# This output is used by Xcode 'outputs' to avoid re-running this script phase.\necho \"SUCCESS\" > \"${SCRIPT_OUTPUT_FILE_0}\"\n";
			showEnvVarsInLog = 0;
		};
		95644C56B50447BBA537A040 /* [CP] Check Pods Manifest.lock */ = {
			isa = PBXShellScriptBuildPhase;
			buildActionMask = 2147483647;
			files = (
			);
			inputFileListPaths = (
			);
			inputPaths = (
				"${PODS_PODFILE_DIR_PATH}/Podfile.lock",
				"${PODS_ROOT}/Manifest.lock",
			);
			name = "[CP] Check Pods Manifest.lock";
			outputFileListPaths = (
			);
			outputPaths = (
				"$(DERIVED_FILE_DIR)/Pods-Thesis_2020-Thesis_2020UITests-checkManifestLockResult.txt",
			);
			runOnlyForDeploymentPostprocessing = 0;
			shellPath = /bin/sh;
			shellScript = "diff \"${PODS_PODFILE_DIR_PATH}/Podfile.lock\" \"${PODS_ROOT}/Manifest.lock\" > /dev/null\nif [ $? != 0 ] ; then\n    # print error to STDERR\n    echo \"error: The sandbox is not in sync with the Podfile.lock. Run 'pod install' or update your CocoaPods installation.\" >&2\n    exit 1\nfi\n# This output is used by Xcode 'outputs' to avoid re-running this script phase.\necho \"SUCCESS\" > \"${SCRIPT_OUTPUT_FILE_0}\"\n";
			showEnvVarsInLog = 0;
		};
		ABDDA21F1D0689910AB79277 /* [CP] Embed Pods Frameworks */ = {
			isa = PBXShellScriptBuildPhase;
			buildActionMask = 2147483647;
			files = (
			);
			inputFileListPaths = (
				"${PODS_ROOT}/Target Support Files/Pods-Thesis_2020/Pods-Thesis_2020-frameworks-${CONFIGURATION}-input-files.xcfilelist",
			);
			name = "[CP] Embed Pods Frameworks";
			outputFileListPaths = (
				"${PODS_ROOT}/Target Support Files/Pods-Thesis_2020/Pods-Thesis_2020-frameworks-${CONFIGURATION}-output-files.xcfilelist",
			);
			runOnlyForDeploymentPostprocessing = 0;
			shellPath = /bin/sh;
			shellScript = "\"${PODS_ROOT}/Target Support Files/Pods-Thesis_2020/Pods-Thesis_2020-frameworks.sh\"\n";
			showEnvVarsInLog = 0;
		};
		D0F215005C5126DDDEF6EDB7 /* [CP] Check Pods Manifest.lock */ = {
			isa = PBXShellScriptBuildPhase;
			buildActionMask = 2147483647;
			files = (
			);
			inputFileListPaths = (
			);
			inputPaths = (
				"${PODS_PODFILE_DIR_PATH}/Podfile.lock",
				"${PODS_ROOT}/Manifest.lock",
			);
			name = "[CP] Check Pods Manifest.lock";
			outputFileListPaths = (
			);
			outputPaths = (
				"$(DERIVED_FILE_DIR)/Pods-Thesis_2020-checkManifestLockResult.txt",
			);
			runOnlyForDeploymentPostprocessing = 0;
			shellPath = /bin/sh;
			shellScript = "diff \"${PODS_PODFILE_DIR_PATH}/Podfile.lock\" \"${PODS_ROOT}/Manifest.lock\" > /dev/null\nif [ $? != 0 ] ; then\n    # print error to STDERR\n    echo \"error: The sandbox is not in sync with the Podfile.lock. Run 'pod install' or update your CocoaPods installation.\" >&2\n    exit 1\nfi\n# This output is used by Xcode 'outputs' to avoid re-running this script phase.\necho \"SUCCESS\" > \"${SCRIPT_OUTPUT_FILE_0}\"\n";
			showEnvVarsInLog = 0;
		};
/* End PBXShellScriptBuildPhase section */

/* Begin PBXSourcesBuildPhase section */
		B501B16A25341F350066F4FD /* Sources */ = {
			isa = PBXSourcesBuildPhase;
			buildActionMask = 2147483647;
			files = (
				B5764CA12534360300615D60 /* MedicineTable.swift in Sources */,
				B5EFC1C5253482BB00333A2D /* Observer.swift in Sources */,
				B5764C96253434DA00615D60 /* Coordinator.swift in Sources */,
				B5EFC1BC2534820E00333A2D /* ResultText.swift in Sources */,
				B501B1B6253425DA0066F4FD /* MainView.swift in Sources */,
				B501B17225341F350066F4FD /* Thesis_2020App.swift in Sources */,
				B5BB8FF02534944100366A6F /* MedicineDetail.swift in Sources */,
				B501B1A3253421AD0066F4FD /* SplashView.swift in Sources */,
				B54FE1822536D5C5001B7072 /* Constant.swift in Sources */,
				B5BB8FE82534940200366A6F /* MedicineRow.swift in Sources */,
				B5764C9B2534354400615D60 /* CaptureImageView.swift in Sources */,
			);
			runOnlyForDeploymentPostprocessing = 0;
		};
		B501B17B25341F380066F4FD /* Sources */ = {
			isa = PBXSourcesBuildPhase;
			buildActionMask = 2147483647;
			files = (
				B501B18425341F380066F4FD /* Thesis_2020Tests.swift in Sources */,
			);
			runOnlyForDeploymentPostprocessing = 0;
		};
		B501B18625341F380066F4FD /* Sources */ = {
			isa = PBXSourcesBuildPhase;
			buildActionMask = 2147483647;
			files = (
				B501B18F25341F380066F4FD /* Thesis_2020UITests.swift in Sources */,
			);
			runOnlyForDeploymentPostprocessing = 0;
		};
/* End PBXSourcesBuildPhase section */

/* Begin PBXTargetDependency section */
		B501B18125341F380066F4FD /* PBXTargetDependency */ = {
			isa = PBXTargetDependency;
			target = B501B16D25341F350066F4FD /* Thesis_2020 */;
			targetProxy = B501B18025341F380066F4FD /* PBXContainerItemProxy */;
		};
		B501B18C25341F380066F4FD /* PBXTargetDependency */ = {
			isa = PBXTargetDependency;
			target = B501B16D25341F350066F4FD /* Thesis_2020 */;
			targetProxy = B501B18B25341F380066F4FD /* PBXContainerItemProxy */;
		};
/* End PBXTargetDependency section */

/* Begin XCBuildConfiguration section */
		B501B19125341F380066F4FD /* Debug */ = {
			isa = XCBuildConfiguration;
			buildSettings = {
				ALWAYS_SEARCH_USER_PATHS = NO;
				CLANG_ANALYZER_NONNULL = YES;
				CLANG_ANALYZER_NUMBER_OBJECT_CONVERSION = YES_AGGRESSIVE;
				CLANG_CXX_LANGUAGE_STANDARD = "gnu++14";
				CLANG_CXX_LIBRARY = "libc++";
				CLANG_ENABLE_MODULES = YES;
				CLANG_ENABLE_OBJC_ARC = YES;
				CLANG_ENABLE_OBJC_WEAK = YES;
				CLANG_WARN_BLOCK_CAPTURE_AUTORELEASING = YES;
				CLANG_WARN_BOOL_CONVERSION = YES;
				CLANG_WARN_COMMA = YES;
				CLANG_WARN_CONSTANT_CONVERSION = YES;
				CLANG_WARN_DEPRECATED_OBJC_IMPLEMENTATIONS = YES;
				CLANG_WARN_DIRECT_OBJC_ISA_USAGE = YES_ERROR;
				CLANG_WARN_DOCUMENTATION_COMMENTS = YES;
				CLANG_WARN_EMPTY_BODY = YES;
				CLANG_WARN_ENUM_CONVERSION = YES;
				CLANG_WARN_INFINITE_RECURSION = YES;
				CLANG_WARN_INT_CONVERSION = YES;
				CLANG_WARN_NON_LITERAL_NULL_CONVERSION = YES;
				CLANG_WARN_OBJC_IMPLICIT_RETAIN_SELF = YES;
				CLANG_WARN_OBJC_LITERAL_CONVERSION = YES;
				CLANG_WARN_OBJC_ROOT_CLASS = YES_ERROR;
				CLANG_WARN_QUOTED_INCLUDE_IN_FRAMEWORK_HEADER = YES;
				CLANG_WARN_RANGE_LOOP_ANALYSIS = YES;
				CLANG_WARN_STRICT_PROTOTYPES = YES;
				CLANG_WARN_SUSPICIOUS_MOVE = YES;
				CLANG_WARN_UNGUARDED_AVAILABILITY = YES_AGGRESSIVE;
				CLANG_WARN_UNREACHABLE_CODE = YES;
				CLANG_WARN__DUPLICATE_METHOD_MATCH = YES;
				COPY_PHASE_STRIP = NO;
				DEBUG_INFORMATION_FORMAT = dwarf;
				ENABLE_STRICT_OBJC_MSGSEND = YES;
				ENABLE_TESTABILITY = YES;
				GCC_C_LANGUAGE_STANDARD = gnu11;
				GCC_DYNAMIC_NO_PIC = NO;
				GCC_NO_COMMON_BLOCKS = YES;
				GCC_OPTIMIZATION_LEVEL = 0;
				GCC_PREPROCESSOR_DEFINITIONS = (
					"DEBUG=1",
					"$(inherited)",
				);
				GCC_WARN_64_TO_32_BIT_CONVERSION = YES;
				GCC_WARN_ABOUT_RETURN_TYPE = YES_ERROR;
				GCC_WARN_UNDECLARED_SELECTOR = YES;
				GCC_WARN_UNINITIALIZED_AUTOS = YES_AGGRESSIVE;
				GCC_WARN_UNUSED_FUNCTION = YES;
				GCC_WARN_UNUSED_VARIABLE = YES;
				IPHONEOS_DEPLOYMENT_TARGET = 14.0;
				MTL_ENABLE_DEBUG_INFO = INCLUDE_SOURCE;
				MTL_FAST_MATH = YES;
				ONLY_ACTIVE_ARCH = YES;
				SDKROOT = iphoneos;
				SWIFT_ACTIVE_COMPILATION_CONDITIONS = DEBUG;
				SWIFT_OPTIMIZATION_LEVEL = "-Onone";
			};
			name = Debug;
		};
		B501B19225341F380066F4FD /* Release */ = {
			isa = XCBuildConfiguration;
			buildSettings = {
				ALWAYS_SEARCH_USER_PATHS = NO;
				CLANG_ANALYZER_NONNULL = YES;
				CLANG_ANALYZER_NUMBER_OBJECT_CONVERSION = YES_AGGRESSIVE;
				CLANG_CXX_LANGUAGE_STANDARD = "gnu++14";
				CLANG_CXX_LIBRARY = "libc++";
				CLANG_ENABLE_MODULES = YES;
				CLANG_ENABLE_OBJC_ARC = YES;
				CLANG_ENABLE_OBJC_WEAK = YES;
				CLANG_WARN_BLOCK_CAPTURE_AUTORELEASING = YES;
				CLANG_WARN_BOOL_CONVERSION = YES;
				CLANG_WARN_COMMA = YES;
				CLANG_WARN_CONSTANT_CONVERSION = YES;
				CLANG_WARN_DEPRECATED_OBJC_IMPLEMENTATIONS = YES;
				CLANG_WARN_DIRECT_OBJC_ISA_USAGE = YES_ERROR;
				CLANG_WARN_DOCUMENTATION_COMMENTS = YES;
				CLANG_WARN_EMPTY_BODY = YES;
				CLANG_WARN_ENUM_CONVERSION = YES;
				CLANG_WARN_INFINITE_RECURSION = YES;
				CLANG_WARN_INT_CONVERSION = YES;
				CLANG_WARN_NON_LITERAL_NULL_CONVERSION = YES;
				CLANG_WARN_OBJC_IMPLICIT_RETAIN_SELF = YES;
				CLANG_WARN_OBJC_LITERAL_CONVERSION = YES;
				CLANG_WARN_OBJC_ROOT_CLASS = YES_ERROR;
				CLANG_WARN_QUOTED_INCLUDE_IN_FRAMEWORK_HEADER = YES;
				CLANG_WARN_RANGE_LOOP_ANALYSIS = YES;
				CLANG_WARN_STRICT_PROTOTYPES = YES;
				CLANG_WARN_SUSPICIOUS_MOVE = YES;
				CLANG_WARN_UNGUARDED_AVAILABILITY = YES_AGGRESSIVE;
				CLANG_WARN_UNREACHABLE_CODE = YES;
				CLANG_WARN__DUPLICATE_METHOD_MATCH = YES;
				COPY_PHASE_STRIP = NO;
				DEBUG_INFORMATION_FORMAT = "dwarf-with-dsym";
				ENABLE_NS_ASSERTIONS = NO;
				ENABLE_STRICT_OBJC_MSGSEND = YES;
				GCC_C_LANGUAGE_STANDARD = gnu11;
				GCC_NO_COMMON_BLOCKS = YES;
				GCC_WARN_64_TO_32_BIT_CONVERSION = YES;
				GCC_WARN_ABOUT_RETURN_TYPE = YES_ERROR;
				GCC_WARN_UNDECLARED_SELECTOR = YES;
				GCC_WARN_UNINITIALIZED_AUTOS = YES_AGGRESSIVE;
				GCC_WARN_UNUSED_FUNCTION = YES;
				GCC_WARN_UNUSED_VARIABLE = YES;
				IPHONEOS_DEPLOYMENT_TARGET = 14.0;
				MTL_ENABLE_DEBUG_INFO = NO;
				MTL_FAST_MATH = YES;
				SDKROOT = iphoneos;
				SWIFT_COMPILATION_MODE = wholemodule;
				SWIFT_OPTIMIZATION_LEVEL = "-O";
				VALIDATE_PRODUCT = YES;
			};
			name = Release;
		};
		B501B19425341F380066F4FD /* Debug */ = {
			isa = XCBuildConfiguration;
			baseConfigurationReference = F3E20628D238E875080297CB /* Pods-Thesis_2020.debug.xcconfig */;
			buildSettings = {
				ASSETCATALOG_COMPILER_APPICON_NAME = AppIcon;
				ASSETCATALOG_COMPILER_GLOBAL_ACCENT_COLOR_NAME = AccentColor;
				CODE_SIGN_STYLE = Automatic;
				DEVELOPMENT_ASSET_PATHS = "\"Thesis_2020/Preview Content\"";
				DEVELOPMENT_TEAM = H4NA3RYS6C;
				ENABLE_PREVIEWS = YES;
				INFOPLIST_FILE = Thesis_2020/Info.plist;
				IPHONEOS_DEPLOYMENT_TARGET = 14.0;
				LD_RUNPATH_SEARCH_PATHS = (
					"$(inherited)",
					"@executable_path/Frameworks",
				);
				PRODUCT_BUNDLE_IDENTIFIER = "com.ttNguyen.Thesis-2020";
				PRODUCT_NAME = "$(TARGET_NAME)";
				SWIFT_VERSION = 5.0;
				TARGETED_DEVICE_FAMILY = "1,2";
			};
			name = Debug;
		};
		B501B19525341F380066F4FD /* Release */ = {
			isa = XCBuildConfiguration;
			baseConfigurationReference = 51747ED85DF76103B939BD8C /* Pods-Thesis_2020.release.xcconfig */;
			buildSettings = {
				ASSETCATALOG_COMPILER_APPICON_NAME = AppIcon;
				ASSETCATALOG_COMPILER_GLOBAL_ACCENT_COLOR_NAME = AccentColor;
				CODE_SIGN_STYLE = Automatic;
				DEVELOPMENT_ASSET_PATHS = "\"Thesis_2020/Preview Content\"";
				DEVELOPMENT_TEAM = H4NA3RYS6C;
				ENABLE_PREVIEWS = YES;
				INFOPLIST_FILE = Thesis_2020/Info.plist;
				IPHONEOS_DEPLOYMENT_TARGET = 14.0;
				LD_RUNPATH_SEARCH_PATHS = (
					"$(inherited)",
					"@executable_path/Frameworks",
				);
				PRODUCT_BUNDLE_IDENTIFIER = "com.ttNguyen.Thesis-2020";
				PRODUCT_NAME = "$(TARGET_NAME)";
				SWIFT_VERSION = 5.0;
				TARGETED_DEVICE_FAMILY = "1,2";
			};
			name = Release;
		};
		B501B19725341F380066F4FD /* Debug */ = {
			isa = XCBuildConfiguration;
			baseConfigurationReference = 5539549C9087FF406F728BC0 /* Pods-Thesis_2020Tests.debug.xcconfig */;
			buildSettings = {
				ALWAYS_EMBED_SWIFT_STANDARD_LIBRARIES = YES;
				BUNDLE_LOADER = "$(TEST_HOST)";
				CODE_SIGN_STYLE = Automatic;
				INFOPLIST_FILE = Thesis_2020Tests/Info.plist;
				IPHONEOS_DEPLOYMENT_TARGET = 14.0;
				LD_RUNPATH_SEARCH_PATHS = (
					"$(inherited)",
					"@executable_path/Frameworks",
					"@loader_path/Frameworks",
				);
				PRODUCT_BUNDLE_IDENTIFIER = "com.ttNguyen.Thesis-2020Tests";
				PRODUCT_NAME = "$(TARGET_NAME)";
				SWIFT_VERSION = 5.0;
				TARGETED_DEVICE_FAMILY = "1,2";
				TEST_HOST = "$(BUILT_PRODUCTS_DIR)/Thesis_2020.app/Thesis_2020";
			};
			name = Debug;
		};
		B501B19825341F380066F4FD /* Release */ = {
			isa = XCBuildConfiguration;
			baseConfigurationReference = 0DC78754BB6E39F0D2EFE720 /* Pods-Thesis_2020Tests.release.xcconfig */;
			buildSettings = {
				ALWAYS_EMBED_SWIFT_STANDARD_LIBRARIES = YES;
				BUNDLE_LOADER = "$(TEST_HOST)";
				CODE_SIGN_STYLE = Automatic;
				INFOPLIST_FILE = Thesis_2020Tests/Info.plist;
				IPHONEOS_DEPLOYMENT_TARGET = 14.0;
				LD_RUNPATH_SEARCH_PATHS = (
					"$(inherited)",
					"@executable_path/Frameworks",
					"@loader_path/Frameworks",
				);
				PRODUCT_BUNDLE_IDENTIFIER = "com.ttNguyen.Thesis-2020Tests";
				PRODUCT_NAME = "$(TARGET_NAME)";
				SWIFT_VERSION = 5.0;
				TARGETED_DEVICE_FAMILY = "1,2";
				TEST_HOST = "$(BUILT_PRODUCTS_DIR)/Thesis_2020.app/Thesis_2020";
			};
			name = Release;
		};
		B501B19A25341F380066F4FD /* Debug */ = {
			isa = XCBuildConfiguration;
			baseConfigurationReference = 6E2D9EBDDCD72E78B80FC611 /* Pods-Thesis_2020-Thesis_2020UITests.debug.xcconfig */;
			buildSettings = {
				ALWAYS_EMBED_SWIFT_STANDARD_LIBRARIES = YES;
				CODE_SIGN_STYLE = Automatic;
				INFOPLIST_FILE = Thesis_2020UITests/Info.plist;
				LD_RUNPATH_SEARCH_PATHS = (
					"$(inherited)",
					"@executable_path/Frameworks",
					"@loader_path/Frameworks",
				);
				PRODUCT_BUNDLE_IDENTIFIER = "com.ttNguyen.Thesis-2020UITests";
				PRODUCT_NAME = "$(TARGET_NAME)";
				SWIFT_VERSION = 5.0;
				TARGETED_DEVICE_FAMILY = "1,2";
				TEST_TARGET_NAME = Thesis_2020;
			};
			name = Debug;
		};
		B501B19B25341F380066F4FD /* Release */ = {
			isa = XCBuildConfiguration;
			baseConfigurationReference = 81726605D1982003C9F69A65 /* Pods-Thesis_2020-Thesis_2020UITests.release.xcconfig */;
			buildSettings = {
				ALWAYS_EMBED_SWIFT_STANDARD_LIBRARIES = YES;
				CODE_SIGN_STYLE = Automatic;
				INFOPLIST_FILE = Thesis_2020UITests/Info.plist;
				LD_RUNPATH_SEARCH_PATHS = (
					"$(inherited)",
					"@executable_path/Frameworks",
					"@loader_path/Frameworks",
				);
				PRODUCT_BUNDLE_IDENTIFIER = "com.ttNguyen.Thesis-2020UITests";
				PRODUCT_NAME = "$(TARGET_NAME)";
				SWIFT_VERSION = 5.0;
				TARGETED_DEVICE_FAMILY = "1,2";
				TEST_TARGET_NAME = Thesis_2020;
			};
			name = Release;
		};
/* End XCBuildConfiguration section */

/* Begin XCConfigurationList section */
		B501B16925341F350066F4FD /* Build configuration list for PBXProject "Thesis_2020" */ = {
			isa = XCConfigurationList;
			buildConfigurations = (
				B501B19125341F380066F4FD /* Debug */,
				B501B19225341F380066F4FD /* Release */,
			);
			defaultConfigurationIsVisible = 0;
			defaultConfigurationName = Release;
		};
		B501B19325341F380066F4FD /* Build configuration list for PBXNativeTarget "Thesis_2020" */ = {
			isa = XCConfigurationList;
			buildConfigurations = (
				B501B19425341F380066F4FD /* Debug */,
				B501B19525341F380066F4FD /* Release */,
			);
			defaultConfigurationIsVisible = 0;
			defaultConfigurationName = Release;
		};
		B501B19625341F380066F4FD /* Build configuration list for PBXNativeTarget "Thesis_2020Tests" */ = {
			isa = XCConfigurationList;
			buildConfigurations = (
				B501B19725341F380066F4FD /* Debug */,
				B501B19825341F380066F4FD /* Release */,
			);
			defaultConfigurationIsVisible = 0;
			defaultConfigurationName = Release;
		};
		B501B19925341F380066F4FD /* Build configuration list for PBXNativeTarget "Thesis_2020UITests" */ = {
			isa = XCConfigurationList;
			buildConfigurations = (
				B501B19A25341F380066F4FD /* Debug */,
				B501B19B25341F380066F4FD /* Release */,
			);
			defaultConfigurationIsVisible = 0;
			defaultConfigurationName = Release;
		};
/* End XCConfigurationList section */
	};
	rootObject = B501B16625341F350066F4FD /* Project object */;
}
